
Microsoft Visual Studio Solution File, Format Version 12.00
# Visual Studio Version 17
VisualStudioVersion = 17.3.32901.215
MinimumVisualStudioVersion = 10.0.40219.1
Project("{FAE04EC0-301F-11D3-BF4B-00C04F79EFBC}") = "UniverPortal", "UniverPortal\UniverPortal.csproj", "{AA416C8D-5E09-43D7-9DB3-18CC41E93887}"
EndProject
Global
	GlobalSection(SolutionConfigurationPlatforms) = preSolution
		Debug|Any CPU = Debug|Any CPU
		Release|Any CPU = Release|Any CPU
	EndGlobalSection
	GlobalSection(ProjectConfigurationPlatforms) = postSolution
		{AA416C8D-5E09-43D7-9DB3-18CC41E93887}.Debug|Any CPU.ActiveCfg = Debug|Any CPU
		{AA416C8D-5E09-43D7-9DB3-18CC41E93887}.Debug|Any CPU.Build.0 = Debug|Any CPU
		{AA416C8D-5E09-43D7-9DB3-18CC41E93887}.Release|Any CPU.ActiveCfg = Release|Any CPU
		{AA416C8D-5E09-43D7-9DB3-18CC41E93887}.Release|Any CPU.Build.0 = Release|Any CPU
	EndGlobalSection
	GlobalSection(SolutionProperties) = preSolution
		HideSolutionNode = FALSE
	EndGlobalSection
	GlobalSection(ExtensibilityGlobals) = postSolution
		SolutionGuid = {CC4618FA-4BBA-48BE-9A91-6EF67CA8D87D}
	EndGlobalSection
EndGlobal
